Microsoft Visual Studio Solution File, Format Version 12.00
# Visual Studio Version 17
VisualStudioVersion = 17.5.2.0
MinimumVisualStudioVersion = 10.0.40219.1
Project("{2150E333-8FDC-42A3-9474-1A3956D46DE8}") = "src", "src", "{827E0CD3-B72D-47B6-A68D-7590B98EB39B}"
EndProject
Project("{2150E333-8FDC-42A3-9474-1A3956D46DE8}") = "csharp", "csharp", "{EE222B14-4095-D8D2-8B9B-4218DD5B4CA2}"
EndProject
Project("{FAE04EC0-301F-11D3-BF4B-00C04F79EFBC}") = "console", "src\csharp\console\console.csproj", "{E5E14ACE-5B20-DFB5-AB16-F927620D287E}"
EndProject
Project("{FAE04EC0-301F-11D3-BF4B-00C04F79EFBC}") = "webapi-minimal", "src\csharp\webapi-minimal\webapi-minimal.csproj", "{F20E7BB6-061B-4F1C-8B51-D23D20181384}"
EndProject
Project("{FAE04EC0-301F-11D3-BF4B-00C04F79EFBC}") = "webapi-controllers", "src\csharp\webapi-controllers\webapi-controllers.csproj", "{854403DF-D24C-41D6-A0A4-0C95DEF6EBFD}"
EndProject
Project("{FAE04EC0-301F-11D3-BF4B-00C04F79EFBC}") = "ef-api", "src\csharp\ef-api\ef-api.csproj", "{434C6079-771B-47BB-8D5B-79B7A318D42F}"
EndProject
Project("{FAE04EC0-301F-11D3-BF4B-00C04F79EFBC}") = "csharpier-example", "src\csharp\csharpier-example\csharpier-example.csproj", "{E3F08C24-1A3F-438B-A521-7AE0659D115F}"
EndProject
Project("{FAE04EC0-301F-11D3-BF4B-00C04F79EFBC}") = "editorconfig-example", "src\csharp\editorconfig-example\editorconfig-example.csproj", "{BC63DEF9-3356-4789-8345-F3764D12B53C}"
EndProject
Project("{FAE04EC0-301F-11D3-BF4B-00C04F79EFBC}") = "tunit-example", "src\csharp\tunit-example\tunit-example.csproj", "{EAE99D67-11AB-4364-BCAC-36466EFA2C45}"
EndProject
Global
	GlobalSection(SolutionConfigurationPlatforms) = preSolution
		Debug|Any CPU = Debug|Any CPU
		Release|Any CPU = Release|Any CPU
	EndGlobalSection
	GlobalSection(ProjectConfigurationPlatforms) = postSolution
		{E5E14ACE-5B20-DFB5-AB16-F927620D287E}.Debug|Any CPU.ActiveCfg = Debug|Any CPU
		{E5E14ACE-5B20-DFB5-AB16-F927620D287E}.Debug|Any CPU.Build.0 = Debug|Any CPU
		{E5E14ACE-5B20-DFB5-AB16-F927620D287E}.Release|Any CPU.ActiveCfg = Release|Any CPU
		{E5E14ACE-5B20-DFB5-AB16-F927620D287E}.Release|Any CPU.Build.0 = Release|Any CPU
		{F20E7BB6-061B-4F1C-8B51-D23D20181384}.Debug|Any CPU.ActiveCfg = Debug|Any CPU
		{F20E7BB6-061B-4F1C-8B51-D23D20181384}.Debug|Any CPU.Build.0 = Debug|Any CPU
		{F20E7BB6-061B-4F1C-8B51-D23D20181384}.Release|Any CPU.ActiveCfg = Release|Any CPU
		{F20E7BB6-061B-4F1C-8B51-D23D20181384}.Release|Any CPU.Build.0 = Release|Any CPU
		{854403DF-D24C-41D6-A0A4-0C95DEF6EBFD}.Debug|Any CPU.ActiveCfg = Debug|Any CPU
		{854403DF-D24C-41D6-A0A4-0C95DEF6EBFD}.Debug|Any CPU.Build.0 = Debug|Any CPU
		{854403DF-D24C-41D6-A0A4-0C95DEF6EBFD}.Release|Any CPU.ActiveCfg = Release|Any CPU
		{854403DF-D24C-41D6-A0A4-0C95DEF6EBFD}.Release|Any CPU.Build.0 = Release|Any CPU
		{434C6079-771B-47BB-8D5B-79B7A318D42F}.Debug|Any CPU.ActiveCfg = Debug|Any CPU
		{434C6079-771B-47BB-8D5B-79B7A318D42F}.Debug|Any CPU.Build.0 = Debug|Any CPU
		{434C6079-771B-47BB-8D5B-79B7A318D42F}.Release|Any CPU.ActiveCfg = Release|Any CPU
		{434C6079-771B-47BB-8D5B-79B7A318D42F}.Release|Any CPU.Build.0 = Release|Any CPU
		{E3F08C24-1A3F-438B-A521-7AE0659D115F}.Debug|Any CPU.ActiveCfg = Debug|Any CPU
		{E3F08C24-1A3F-438B-A521-7AE0659D115F}.Debug|Any CPU.Build.0 = Debug|Any CPU
		{E3F08C24-1A3F-438B-A521-7AE0659D115F}.Release|Any CPU.ActiveCfg = Release|Any CPU
		{E3F08C24-1A3F-438B-A521-7AE0659D115F}.Release|Any CPU.Build.0 = Release|Any CPU
		{BC63DEF9-3356-4789-8345-F3764D12B53C}.Debug|Any CPU.ActiveCfg = Debug|Any CPU
		{BC63DEF9-3356-4789-8345-F3764D12B53C}.Debug|Any CPU.Build.0 = Debug|Any CPU
		{BC63DEF9-3356-4789-8345-F3764D12B53C}.Release|Any CPU.ActiveCfg = Release|Any CPU
		{BC63DEF9-3356-4789-8345-F3764D12B53C}.Release|Any CPU.Build.0 = Release|Any CPU
		{EAE99D67-11AB-4364-BCAC-36466EFA2C45}.Debug|Any CPU.ActiveCfg = Debug|Any CPU
		{EAE99D67-11AB-4364-BCAC-36466EFA2C45}.Debug|Any CPU.Build.0 = Debug|Any CPU
		{EAE99D67-11AB-4364-BCAC-36466EFA2C45}.Release|Any CPU.ActiveCfg = Release|Any CPU
		{EAE99D67-11AB-4364-BCAC-36466EFA2C45}.Release|Any CPU.Build.0 = Release|Any CPU
	EndGlobalSection
	GlobalSection(SolutionProperties) = preSolution
		HideSolutionNode = FALSE
	EndGlobalSection
	GlobalSection(NestedProjects) = preSolution
		{EE222B14-4095-D8D2-8B9B-4218DD5B4CA2} = {827E0CD3-B72D-47B6-A68D-7590B98EB39B}
		{E5E14ACE-5B20-DFB5-AB16-F927620D287E} = {EE222B14-4095-D8D2-8B9B-4218DD5B4CA2}
		{F20E7BB6-061B-4F1C-8B51-D23D20181384} = {EE222B14-4095-D8D2-8B9B-4218DD5B4CA2}
		{854403DF-D24C-41D6-A0A4-0C95DEF6EBFD} = {EE222B14-4095-D8D2-8B9B-4218DD5B4CA2}
		{434C6079-771B-47BB-8D5B-79B7A318D42F} = {EE222B14-4095-D8D2-8B9B-4218DD5B4CA2}
		{E3F08C24-1A3F-438B-A521-7AE0659D115F} = {EE222B14-4095-D8D2-8B9B-4218DD5B4CA2}
		{BC63DEF9-3356-4789-8345-F3764D12B53C} = {EE222B14-4095-D8D2-8B9B-4218DD5B4CA2}
		{EAE99D67-11AB-4364-BCAC-36466EFA2C45} = {EE222B14-4095-D8D2-8B9B-4218DD5B4CA2}
	EndGlobalSection
	GlobalSection(ExtensibilityGlobals) = postSolution
		SolutionGuid = {E0B353D1-9E73-475B-B986-21AC98847F63}
	EndGlobalSection
EndGlobal
